
Microsoft Visual Studio Solution File, Format Version 12.00
# Visual Studio 15
VisualStudioVersion = 15.0.28307.1321
MinimumVisualStudioVersion = 10.0.40219.1
Project("{FAE04EC0-301F-11D3-BF4B-00C04F79EFBC}") = "26.04.2021_1_vt1", "26.04.2021_1_vt1\26.04.2021_1_vt1.csproj", "{966DE494-AEFB-4788-A5A5-B316DD6D8903}"
EndProject
Global
	GlobalSection(SolutionConfigurationPlatforms) = preSolution
		Debug|Any CPU = Debug|Any CPU
		Release|Any CPU = Release|Any CPU
	EndGlobalSection
	GlobalSection(ProjectConfigurationPlatforms) = postSolution
		{966DE494-AEFB-4788-A5A5-B316DD6D8903}.Debug|Any CPU.ActiveCfg = Debug|Any CPU
		{966DE494-AEFB-4788-A5A5-B316DD6D8903}.Debug|Any CPU.Build.0 = Debug|Any CPU
		{966DE494-AEFB-4788-A5A5-B316DD6D8903}.Release|Any CPU.ActiveCfg = Release|Any CPU
		{966DE494-AEFB-4788-A5A5-B316DD6D8903}.Release|Any CPU.Build.0 = Release|Any CPU
	EndGlobalSection
	GlobalSection(SolutionProperties) = preSolution
		HideSolutionNode = FALSE
	EndGlobalSection
	GlobalSection(ExtensibilityGlobals) = postSolution
		SolutionGuid = {8ACCBECC-A428-4210-AAB3-A60B94E99A3C}
	EndGlobalSection
EndGlobal
